
Microsoft Visual Studio Solution File, Format Version 12.00
# Visual Studio Version 17
VisualStudioVersion = 17.12.35728.132 d17.12
MinimumVisualStudioVersion = 10.0.40219.1
Project("{FAE04EC0-301F-11D3-BF4B-00C04F79EFBC}") = "ProductService", "ProductService\ProductService.csproj", "{13CA7FD2-890F-4676-91F0-35B1E7F2477B}"
EndProject
Project("{FAE04EC0-301F-11D3-BF4B-00C04F79EFBC}") = "Client", "Client\Client.csproj", "{04B264BC-4392-4E40-8E65-848F74AC7870}"
EndProject
Global
	GlobalSection(SolutionConfigurationPlatforms) = preSolution
		Debug|Any CPU = Debug|Any CPU
		Release|Any CPU = Release|Any CPU
	EndGlobalSection
	GlobalSection(ProjectConfigurationPlatforms) = postSolution
		{13CA7FD2-890F-4676-91F0-35B1E7F2477B}.Debug|Any CPU.ActiveCfg = Debug|Any CPU
		{13CA7FD2-890F-4676-91F0-35B1E7F2477B}.Debug|Any CPU.Build.0 = Debug|Any CPU
		{13CA7FD2-890F-4676-91F0-35B1E7F2477B}.Release|Any CPU.ActiveCfg = Release|Any CPU
		{13CA7FD2-890F-4676-91F0-35B1E7F2477B}.Release|Any CPU.Build.0 = Release|Any CPU
		{04B264BC-4392-4E40-8E65-848F74AC7870}.Debug|Any CPU.ActiveCfg = Debug|Any CPU
		{04B264BC-4392-4E40-8E65-848F74AC7870}.Debug|Any CPU.Build.0 = Debug|Any CPU
		{04B264BC-4392-4E40-8E65-848F74AC7870}.Release|Any CPU.ActiveCfg = Release|Any CPU
		{04B264BC-4392-4E40-8E65-848F74AC7870}.Release|Any CPU.Build.0 = Release|Any CPU
	EndGlobalSection
	GlobalSection(SolutionProperties) = preSolution
		HideSolutionNode = FALSE
	EndGlobalSection
EndGlobal
